
Microsoft Visual Studio Solution File, Format Version 12.00
# Visual Studio Version 16
VisualStudioVersion = 16.0.31624.102
MinimumVisualStudioVersion = 10.0.40219.1
Project("{9A19103F-16F7-4668-BE54-9A1E7A4F7556}") = "API", "API\API.csproj", "{EE305782-E924-455B-8946-80FE994EC804}"
EndProject
Project("{9A19103F-16F7-4668-BE54-9A1E7A4F7556}") = "UnitTests", "UnitTests\UnitTests.csproj", "{A811BBAD-88A3-4B54-AF2C-0B559B7ADC6C}"
EndProject
Project("{9A19103F-16F7-4668-BE54-9A1E7A4F7556}") = "CodeFirstEF", "CodeFirstEF\CodeFirstEF.csproj", "{C6B9E99D-3018-4E0B-A9CC-2A1F7212EE65}"
EndProject
Project("{FAE04EC0-301F-11D3-BF4B-00C04F79EFBC}") = "MachineLeaningAlgorithm", "MachineLeaningAlgorithm\MachineLeaningAlgorithm.csproj", "{E6FB62E7-7920-4620-B092-B9B0ED968340}"
EndProject
Project("{9A19103F-16F7-4668-BE54-9A1E7A4F7556}") = "MLPrediction", "MLPrediction\MLPrediction.csproj", "{13E4BB0A-B062-4002-9B87-1B4056F44081}"
EndProject
Project("{FAE04EC0-301F-11D3-BF4B-00C04F79EFBC}") = "WebParser", "WebParser\WebParser.csproj", "{503FF727-742F-4414-A1EC-B66DF9D22140}"
EndProject
Global
	GlobalSection(SolutionConfigurationPlatforms) = preSolution
		Debug|Any CPU = Debug|Any CPU
		Release|Any CPU = Release|Any CPU
	EndGlobalSection
	GlobalSection(ProjectConfigurationPlatforms) = postSolution
		{EE305782-E924-455B-8946-80FE994EC804}.Debug|Any CPU.ActiveCfg = Debug|Any CPU
		{EE305782-E924-455B-8946-80FE994EC804}.Debug|Any CPU.Build.0 = Debug|Any CPU
		{EE305782-E924-455B-8946-80FE994EC804}.Release|Any CPU.ActiveCfg = Release|Any CPU
		{EE305782-E924-455B-8946-80FE994EC804}.Release|Any CPU.Build.0 = Release|Any CPU
		{A811BBAD-88A3-4B54-AF2C-0B559B7ADC6C}.Debug|Any CPU.ActiveCfg = Debug|Any CPU
		{A811BBAD-88A3-4B54-AF2C-0B559B7ADC6C}.Debug|Any CPU.Build.0 = Debug|Any CPU
		{A811BBAD-88A3-4B54-AF2C-0B559B7ADC6C}.Release|Any CPU.ActiveCfg = Release|Any CPU
		{A811BBAD-88A3-4B54-AF2C-0B559B7ADC6C}.Release|Any CPU.Build.0 = Release|Any CPU
		{C6B9E99D-3018-4E0B-A9CC-2A1F7212EE65}.Debug|Any CPU.ActiveCfg = Debug|Any CPU
		{C6B9E99D-3018-4E0B-A9CC-2A1F7212EE65}.Debug|Any CPU.Build.0 = Debug|Any CPU
		{C6B9E99D-3018-4E0B-A9CC-2A1F7212EE65}.Release|Any CPU.ActiveCfg = Release|Any CPU
		{C6B9E99D-3018-4E0B-A9CC-2A1F7212EE65}.Release|Any CPU.Build.0 = Release|Any CPU
		{E6FB62E7-7920-4620-B092-B9B0ED968340}.Debug|Any CPU.ActiveCfg = Debug|Any CPU
		{E6FB62E7-7920-4620-B092-B9B0ED968340}.Release|Any CPU.ActiveCfg = Release|Any CPU
		{13E4BB0A-B062-4002-9B87-1B4056F44081}.Debug|Any CPU.ActiveCfg = Debug|Any CPU
		{13E4BB0A-B062-4002-9B87-1B4056F44081}.Debug|Any CPU.Build.0 = Debug|Any CPU
		{13E4BB0A-B062-4002-9B87-1B4056F44081}.Release|Any CPU.ActiveCfg = Release|Any CPU
		{13E4BB0A-B062-4002-9B87-1B4056F44081}.Release|Any CPU.Build.0 = Release|Any CPU
		{503FF727-742F-4414-A1EC-B66DF9D22140}.Debug|Any CPU.ActiveCfg = Debug|Any CPU
		{503FF727-742F-4414-A1EC-B66DF9D22140}.Debug|Any CPU.Build.0 = Debug|Any CPU
		{503FF727-742F-4414-A1EC-B66DF9D22140}.Release|Any CPU.ActiveCfg = Release|Any CPU
		{503FF727-742F-4414-A1EC-B66DF9D22140}.Release|Any CPU.Build.0 = Release|Any CPU
	EndGlobalSection
	GlobalSection(SolutionProperties) = preSolution
		HideSolutionNode = FALSE
	EndGlobalSection
	GlobalSection(ExtensibilityGlobals) = postSolution
		SolutionGuid = {674435E2-8012-43FA-B9C3-169970D9A478}
	EndGlobalSection
EndGlobal
